{
  "requires": true,
  "lockfileVersion": 1,
  "dependencies": {
    "@floating-ui/core": {
      "version": "1.6.8",
      "resolved": "https://registry.npmjs.org/@floating-ui/core/-/core-1.6.8.tgz",
      "integrity": "sha512-7XJ9cPU+yI2QeLS+FCSlqNFZJq8arvswefkZrYI1yQBbftw6FyrZOxYSh+9S7z7TpeWlRt9zJ5IhM1WIL334jA==",
      "requires": {
        "@floating-ui/utils": "^0.2.8"
      }
    },
    "@floating-ui/dom": {
      "version": "1.6.11",
      "resolved": "https://registry.npmjs.org/@floating-ui/dom/-/dom-1.6.11.tgz",
      "integrity": "sha512-qkMCxSR24v2vGkhYDo/UzxfJN3D4syqSjyuTFz6C7XcpU1pASPRieNI0Kj5VP3/503mOfYiGY891ugBX1GlABQ==",
      "requires": {
        "@floating-ui/core": "^1.6.0",
        "@floating-ui/utils": "^0.2.8"
      }
    },
    "@floating-ui/utils": {
      "version": "0.2.8",
      "resolved": "https://registry.npmjs.org/@floating-ui/utils/-/utils-0.2.8.tgz",
      "integrity": "sha512-kym7SodPp8/wloecOpcmSnWJsK7M0E5Wg8UcFA+uO4B9s5d0ywXOEro/8HM9x0rW+TljRzul/14UYz3TleT3ig=="
    },
    "@fortawesome/fontawesome-common-types": {
      "version": "6.6.0",
      "resolved": "https://registry.npmjs.org/@fortawesome/fontawesome-common-types/-/fontawesome-common-types-6.6.0.tgz",
      "integrity": "sha512-xyX0X9mc0kyz9plIyryrRbl7ngsA9jz77mCZJsUkLl+ZKs0KWObgaEBoSgQiYWAsSmjz/yjl0F++Got0Mdp4Rw=="
    },
    "@fortawesome/fontawesome-svg-core": {
      "version": "6.6.0",
      "resolved": "https://registry.npmjs.org/@fortawesome/fontawesome-svg-core/-/fontawesome-svg-core-6.6.0.tgz",
      "integrity": "sha512-KHwPkCk6oRT4HADE7smhfsKudt9N/9lm6EJ5BVg0tD1yPA5hht837fB87F8pn15D8JfTqQOjhKTktwmLMiD7Kg==",
      "requires": {
        "@fortawesome/fontawesome-common-types": "6.6.0"
      }
    },
    "@fortawesome/free-solid-svg-icons": {
      "version": "6.6.0",
      "resolved": "https://registry.npmjs.org/@fortawesome/free-solid-svg-icons/-/free-solid-svg-icons-6.6.0.tgz",
      "integrity": "sha512-IYv/2skhEDFc2WGUcqvFJkeK39Q+HyPf5GHUrT/l2pKbtgEIv1al1TKd6qStR5OIwQdN1GZP54ci3y4mroJWjA==",
      "requires": {
        "@fortawesome/fontawesome-common-types": "6.6.0"
      }
    },
    "@fortawesome/react-fontawesome": {
      "version": "0.2.2",
      "resolved": "https://registry.npmjs.org/@fortawesome/react-fontawesome/-/react-fontawesome-0.2.2.tgz",
      "integrity": "sha512-EnkrprPNqI6SXJl//m29hpaNzOp1bruISWaOiRtkMi/xSvHJlzc2j2JAYS7egxt/EbjSNV/k6Xy0AQI6vB2+1g==",
      "requires": {
        "prop-types": "^15.8.1"
      }
    },
    "classnames": {
      "version": "2.5.1",
      "resolved": "https://registry.npmjs.org/classnames/-/classnames-2.5.1.tgz",
      "integrity": "sha512-saHYOzhIQs6wy2sVxTM6bUDsQO4F50V9RQ22qBpEdCW+I+/Wmke2HOl6lS6dTpdxVhb88/I6+Hs+438c3lfUow=="
    },
    "js-tokens": {
      "version": "4.0.0",
      "resolved": "https://registry.npmjs.org/js-tokens/-/js-tokens-4.0.0.tgz",
      "integrity": "sha512-RdJUflcE3cUzKiMqQgsCu06FPu9UdIJO0beYbPhHN4k6apgJtifcoCtT9bcxOpYBtpD2kCM6Sbzg4CausW/PKQ=="
    },
    "loose-envify": {
      "version": "1.4.0",
      "resolved": "https://registry.npmjs.org/loose-envify/-/loose-envify-1.4.0.tgz",
      "integrity": "sha512-lyuxPGr/Wfhrlem2CL/UcnUc1zcqKAImBDzukY7Y5F/yQiNdko6+fRLevlw1HgMySw7f611UIY408EtxRSoK3Q==",
      "requires": {
        "js-tokens": "^3.0.0 || ^4.0.0"
      }
    },
    "object-assign": {
      "version": "4.1.1",
      "resolved": "https://registry.npmjs.org/object-assign/-/object-assign-4.1.1.tgz",
      "integrity": "sha512-rJgTQnkUnH1sFw8yT6VSU3zD3sWmu6sZhIseY8VX+GRu3P6F7Fu+JNDoXfklElbLJSnc3FUQHVe4cU5hj+BcUg=="
    },
    "prop-types": {
      "version": "15.8.1",
      "resolved": "https://registry.npmjs.org/prop-types/-/prop-types-15.8.1.tgz",
      "integrity": "sha512-oj87CgZICdulUohogVAR7AjlC0327U4el4L6eAvOqCeudMDVU0NThNaV+b9Df4dXgSP1gXMTnPdhfe/2qDH5cg==",
      "requires": {
        "loose-envify": "^1.4.0",
        "object-assign": "^4.1.1",
        "react-is": "^16.13.1"
      }
    },
    "react-is": {
      "version": "16.13.1",
      "resolved": "https://registry.npmjs.org/react-is/-/react-is-16.13.1.tgz",
      "integrity": "sha512-24e6ynE2H+OKt4kqsOvNd8kBpV65zoxbA4BVsEOB3ARVWQki/DHzaUoC5KuON/BiccDaCCTZBuOcfZs70kR8bQ=="
    },
    "react-tooltip": {
      "version": "5.28.0",
      "resolved": "https://registry.npmjs.org/react-tooltip/-/react-tooltip-5.28.0.tgz",
      "integrity": "sha512-R5cO3JPPXk6FRbBHMO0rI9nkUG/JKfalBSQfZedZYzmqaZQgq7GLzF8vcCWx6IhUCKg0yPqJhXIzmIO5ff15xg==",
      "requires": {
        "@floating-ui/dom": "^1.6.1",
        "classnames": "^2.3.0"
      }
    }
  }
}
